
Microsoft Visual Studio Solution File, Format Version 12.00
# Visual Studio 15
VisualStudioVersion = 15.0.28010.2036
MinimumVisualStudioVersion = 10.0.40219.1
Project("{FAE04EC0-301F-11D3-BF4B-00C04F79EFBC}") = "SimpleChat.Library", "SimpleChat.Library\SimpleChat.Library.csproj", "{3A0ACC22-7529-4093-8595-2F76EADCBBA8}"
EndProject
Project("{FAE04EC0-301F-11D3-BF4B-00C04F79EFBC}") = "SimpleChat.Server", "SimpleChat.Server\SimpleChat.Server.csproj", "{2049392B-07A6-4E43-98E7-7B22D7E21EED}"
EndProject
Project("{FAE04EC0-301F-11D3-BF4B-00C04F79EFBC}") = "SimpleChat.Client", "SimpleChat.Client\SimpleChat.Client.csproj", "{A1B4F575-0813-45D6-AAB9-97826B8B123F}"
EndProject
Project("{FAE04EC0-301F-11D3-BF4B-00C04F79EFBC}") = "SimpleChat.Client.GUI", "SimpleChat.Client.GUI\SimpleChat.Client.GUI.csproj", "{8DB8917B-8724-4C3D-A04C-E7602F407F76}"
EndProject
Project("{FAE04EC0-301F-11D3-BF4B-00C04F79EFBC}") = "SimpleChat.Database", "SimpleChat.Database\SimpleChat.Database.csproj", "{AC7C3CF3-A218-495E-9645-613555EF49CC}"
EndProject
Global
	GlobalSection(SolutionConfigurationPlatforms) = preSolution
		Debug|Any CPU = Debug|Any CPU
		Release|Any CPU = Release|Any CPU
	EndGlobalSection
	GlobalSection(ProjectConfigurationPlatforms) = postSolution
		{3A0ACC22-7529-4093-8595-2F76EADCBBA8}.Debug|Any CPU.ActiveCfg = Debug|Any CPU
		{3A0ACC22-7529-4093-8595-2F76EADCBBA8}.Debug|Any CPU.Build.0 = Debug|Any CPU
		{3A0ACC22-7529-4093-8595-2F76EADCBBA8}.Release|Any CPU.ActiveCfg = Release|Any CPU
		{3A0ACC22-7529-4093-8595-2F76EADCBBA8}.Release|Any CPU.Build.0 = Release|Any CPU
		{2049392B-07A6-4E43-98E7-7B22D7E21EED}.Debug|Any CPU.ActiveCfg = Debug|Any CPU
		{2049392B-07A6-4E43-98E7-7B22D7E21EED}.Debug|Any CPU.Build.0 = Debug|Any CPU
		{2049392B-07A6-4E43-98E7-7B22D7E21EED}.Release|Any CPU.ActiveCfg = Release|Any CPU
		{2049392B-07A6-4E43-98E7-7B22D7E21EED}.Release|Any CPU.Build.0 = Release|Any CPU
		{A1B4F575-0813-45D6-AAB9-97826B8B123F}.Debug|Any CPU.ActiveCfg = Debug|Any CPU
		{A1B4F575-0813-45D6-AAB9-97826B8B123F}.Debug|Any CPU.Build.0 = Debug|Any CPU
		{A1B4F575-0813-45D6-AAB9-97826B8B123F}.Release|Any CPU.ActiveCfg = Release|Any CPU
		{A1B4F575-0813-45D6-AAB9-97826B8B123F}.Release|Any CPU.Build.0 = Release|Any CPU
		{8DB8917B-8724-4C3D-A04C-E7602F407F76}.Debug|Any CPU.ActiveCfg = Debug|Any CPU
		{8DB8917B-8724-4C3D-A04C-E7602F407F76}.Debug|Any CPU.Build.0 = Debug|Any CPU
		{8DB8917B-8724-4C3D-A04C-E7602F407F76}.Release|Any CPU.ActiveCfg = Release|Any CPU
		{8DB8917B-8724-4C3D-A04C-E7602F407F76}.Release|Any CPU.Build.0 = Release|Any CPU
		{AC7C3CF3-A218-495E-9645-613555EF49CC}.Debug|Any CPU.ActiveCfg = Debug|Any CPU
		{AC7C3CF3-A218-495E-9645-613555EF49CC}.Debug|Any CPU.Build.0 = Debug|Any CPU
		{AC7C3CF3-A218-495E-9645-613555EF49CC}.Release|Any CPU.ActiveCfg = Release|Any CPU
		{AC7C3CF3-A218-495E-9645-613555EF49CC}.Release|Any CPU.Build.0 = Release|Any CPU
	EndGlobalSection
	GlobalSection(SolutionProperties) = preSolution
		HideSolutionNode = FALSE
	EndGlobalSection
	GlobalSection(ExtensibilityGlobals) = postSolution
		SolutionGuid = {491EF274-A552-466E-B762-8D44F8A4EBB3}
	EndGlobalSection
EndGlobal
